
Microsoft Visual Studio Solution File, Format Version 12.00
# Visual Studio Version 17
VisualStudioVersion = 17.0.32014.148
MinimumVisualStudioVersion = 10.0.40219.1
Project("{9A19103F-16F7-4668-BE54-9A1E7A4F7556}") = "HospitalSystem", "hospitalSystem\HospitalSystem.csproj", "{4BDF4873-B37B-45B1-90B3-3DAEB916143D}"
EndProject
Project("{9A19103F-16F7-4668-BE54-9A1E7A4F7556}") = "HospitalSystem.DataControllers", "hospitalSystem.DataControllers\HospitalSystem.DataControllers.csproj", "{EC0465E7-A4A9-4055-A9EC-69392EB836DD}"
EndProject
Project("{9A19103F-16F7-4668-BE54-9A1E7A4F7556}") = "HospitalSystem.DataAccess", "HospitalSystem.DataAccess\HospitalSystem.DataAccess.csproj", "{8497D1A0-F419-495C-B6C1-D0EEBC8897BF}"
EndProject
Global
	GlobalSection(SolutionConfigurationPlatforms) = preSolution
		Debug|Any CPU = Debug|Any CPU
		Release|Any CPU = Release|Any CPU
	EndGlobalSection
	GlobalSection(ProjectConfigurationPlatforms) = postSolution
		{4BDF4873-B37B-45B1-90B3-3DAEB916143D}.Debug|Any CPU.ActiveCfg = Debug|Any CPU
		{4BDF4873-B37B-45B1-90B3-3DAEB916143D}.Debug|Any CPU.Build.0 = Debug|Any CPU
		{4BDF4873-B37B-45B1-90B3-3DAEB916143D}.Release|Any CPU.ActiveCfg = Release|Any CPU
		{4BDF4873-B37B-45B1-90B3-3DAEB916143D}.Release|Any CPU.Build.0 = Release|Any CPU
		{EC0465E7-A4A9-4055-A9EC-69392EB836DD}.Debug|Any CPU.ActiveCfg = Debug|Any CPU
		{EC0465E7-A4A9-4055-A9EC-69392EB836DD}.Debug|Any CPU.Build.0 = Debug|Any CPU
		{EC0465E7-A4A9-4055-A9EC-69392EB836DD}.Release|Any CPU.ActiveCfg = Release|Any CPU
		{EC0465E7-A4A9-4055-A9EC-69392EB836DD}.Release|Any CPU.Build.0 = Release|Any CPU
		{8497D1A0-F419-495C-B6C1-D0EEBC8897BF}.Debug|Any CPU.ActiveCfg = Debug|Any CPU
		{8497D1A0-F419-495C-B6C1-D0EEBC8897BF}.Debug|Any CPU.Build.0 = Debug|Any CPU
		{8497D1A0-F419-495C-B6C1-D0EEBC8897BF}.Release|Any CPU.ActiveCfg = Release|Any CPU
		{8497D1A0-F419-495C-B6C1-D0EEBC8897BF}.Release|Any CPU.Build.0 = Release|Any CPU
	EndGlobalSection
	GlobalSection(SolutionProperties) = preSolution
		HideSolutionNode = FALSE
	EndGlobalSection
	GlobalSection(ExtensibilityGlobals) = postSolution
		SolutionGuid = {7FC6F6D6-771E-403E-B275-FBCCA8BA3C84}
	EndGlobalSection
EndGlobal
