
Microsoft Visual Studio Solution File, Format Version 12.00
# Visual Studio Version 16
VisualStudioVersion = 16.0.31727.386
MinimumVisualStudioVersion = 10.0.40219.1
Project("{9A19103F-16F7-4668-BE54-9A1E7A4F7556}") = "HospitalRegistrationApp", "hospital_registration_app\HospitalRegistrationApp.csproj", "{83FD5882-BE0A-4B61-876F-25BB886F8CB2}"
EndProject
Project("{FAE04EC0-301F-11D3-BF4B-00C04F79EFBC}") = "HospitalRegistrationApp.DataAccess", "HospitalRegistrationApp.DataAccess\HospitalRegistrationApp.DataAccess.csproj", "{14EFCE60-8EF1-48DC-9A56-F156168E3A2B}"
EndProject
Project("{FAE04EC0-301F-11D3-BF4B-00C04F79EFBC}") = "HospitalRegistrationApp.DataControllers", "HospitalRegistartionApp.DataControllers\HospitalRegistrationApp.DataControllers.csproj", "{F139474A-C490-4140-92EB-347669042069}"
EndProject
Project("{FAE04EC0-301F-11D3-BF4B-00C04F79EFBC}") = "HospitalRegistrationApp.Views", "HospitalRegistrationApp.Views\HospitalRegistrationApp.Views.csproj", "{B416DC43-56E3-4B14-A1B5-2E1ECE76F4FE}"
EndProject
Global
	GlobalSection(SolutionConfigurationPlatforms) = preSolution
		Debug|Any CPU = Debug|Any CPU
		Release|Any CPU = Release|Any CPU
	EndGlobalSection
	GlobalSection(ProjectConfigurationPlatforms) = postSolution
		{83FD5882-BE0A-4B61-876F-25BB886F8CB2}.Debug|Any CPU.ActiveCfg = Debug|Any CPU
		{83FD5882-BE0A-4B61-876F-25BB886F8CB2}.Debug|Any CPU.Build.0 = Debug|Any CPU
		{83FD5882-BE0A-4B61-876F-25BB886F8CB2}.Release|Any CPU.ActiveCfg = Release|Any CPU
		{83FD5882-BE0A-4B61-876F-25BB886F8CB2}.Release|Any CPU.Build.0 = Release|Any CPU
		{14EFCE60-8EF1-48DC-9A56-F156168E3A2B}.Debug|Any CPU.ActiveCfg = Debug|Any CPU
		{14EFCE60-8EF1-48DC-9A56-F156168E3A2B}.Debug|Any CPU.Build.0 = Debug|Any CPU
		{14EFCE60-8EF1-48DC-9A56-F156168E3A2B}.Release|Any CPU.ActiveCfg = Release|Any CPU
		{14EFCE60-8EF1-48DC-9A56-F156168E3A2B}.Release|Any CPU.Build.0 = Release|Any CPU
		{F139474A-C490-4140-92EB-347669042069}.Debug|Any CPU.ActiveCfg = Debug|Any CPU
		{F139474A-C490-4140-92EB-347669042069}.Debug|Any CPU.Build.0 = Debug|Any CPU
		{F139474A-C490-4140-92EB-347669042069}.Release|Any CPU.ActiveCfg = Release|Any CPU
		{F139474A-C490-4140-92EB-347669042069}.Release|Any CPU.Build.0 = Release|Any CPU
		{B416DC43-56E3-4B14-A1B5-2E1ECE76F4FE}.Debug|Any CPU.ActiveCfg = Debug|Any CPU
		{B416DC43-56E3-4B14-A1B5-2E1ECE76F4FE}.Debug|Any CPU.Build.0 = Debug|Any CPU
		{B416DC43-56E3-4B14-A1B5-2E1ECE76F4FE}.Release|Any CPU.ActiveCfg = Release|Any CPU
		{B416DC43-56E3-4B14-A1B5-2E1ECE76F4FE}.Release|Any CPU.Build.0 = Release|Any CPU
	EndGlobalSection
	GlobalSection(SolutionProperties) = preSolution
		HideSolutionNode = FALSE
	EndGlobalSection
	GlobalSection(ExtensibilityGlobals) = postSolution
		SolutionGuid = {06659C96-5644-4159-ADC9-8390D4C6550B}
	EndGlobalSection
EndGlobal
